
Microsoft Visual Studio Solution File, Format Version 12.00
# Visual Studio Version 17
VisualStudioVersion = 17.9.34607.119
MinimumVisualStudioVersion = 10.0.40219.1
Project("{FAE04EC0-301F-11D3-BF4B-00C04F79EFBC}") = "BookSamsys-React.Server", "BookSamsys-React.Server\BookSamsys-React.Server.csproj", "{18A08FD6-DCD0-4D12-A4FC-28027B8E5234}"
EndProject
Project("{54A90642-561A-4BB1-A94E-469ADEE60C69}") = "booksamsys-react.client", "booksamsys-react.client\booksamsys-react.client.esproj", "{CCD5F576-ACC5-4BE8-B927-1B2B9F007A86}"
EndProject
Global
	GlobalSection(SolutionConfigurationPlatforms) = preSolution
		Debug|Any CPU = Debug|Any CPU
		Release|Any CPU = Release|Any CPU
	EndGlobalSection
	GlobalSection(ProjectConfigurationPlatforms) = postSolution
		{18A08FD6-DCD0-4D12-A4FC-28027B8E5234}.Debug|Any CPU.ActiveCfg = Debug|Any CPU
		{18A08FD6-DCD0-4D12-A4FC-28027B8E5234}.Debug|Any CPU.Build.0 = Debug|Any CPU
		{18A08FD6-DCD0-4D12-A4FC-28027B8E5234}.Release|Any CPU.ActiveCfg = Release|Any CPU
		{18A08FD6-DCD0-4D12-A4FC-28027B8E5234}.Release|Any CPU.Build.0 = Release|Any CPU
		{CCD5F576-ACC5-4BE8-B927-1B2B9F007A86}.Debug|Any CPU.ActiveCfg = Debug|Any CPU
		{CCD5F576-ACC5-4BE8-B927-1B2B9F007A86}.Debug|Any CPU.Build.0 = Debug|Any CPU
		{CCD5F576-ACC5-4BE8-B927-1B2B9F007A86}.Debug|Any CPU.Deploy.0 = Debug|Any CPU
		{CCD5F576-ACC5-4BE8-B927-1B2B9F007A86}.Release|Any CPU.ActiveCfg = Release|Any CPU
		{CCD5F576-ACC5-4BE8-B927-1B2B9F007A86}.Release|Any CPU.Build.0 = Release|Any CPU
		{CCD5F576-ACC5-4BE8-B927-1B2B9F007A86}.Release|Any CPU.Deploy.0 = Release|Any CPU
	EndGlobalSection
	GlobalSection(SolutionProperties) = preSolution
		HideSolutionNode = FALSE
	EndGlobalSection
	GlobalSection(ExtensibilityGlobals) = postSolution
		SolutionGuid = {AA6116EE-219E-442B-89E3-65915FB9A1CE}
	EndGlobalSection
EndGlobal
